[[package]]
name = "assert_matches"
version = "1.1.0"
source = "registry+https://github.com/rust-lang/crates.io-index"

[[package]]
name = "paxos"
version = "0.1.0"
dependencies = [
 "assert_matches 1.1.0 (registry+https://github.com/rust-lang/crates.io-index)",
]

[metadata]
"checksum assert_matches 1.1.0 (registry+https://github.com/rust-lang/crates.io-index)" = "9e772942dccdf11b368c31e044e4fca9189f80a773d2f0808379de65894cbf57"
